// !$*UTF8*$!
{
	archiveVersion = 1;
	classes = {
	};
	objectVersion = 56;
	objects = {

/* Begin PBXBuildFile section */
		6951B7B0EAD8B5EC1D97C4FD /* Pods_CDProject.framework in Frameworks */ = {isa = PBXBuildFile; fileRef = 6B31DFA3BDFD03EBB09C3E89 /* Pods_CDProject.framework */; };
		C7BC12872D5A53480072AE54 /* RootViewController.swift in Sources */ = {isa = PBXBuildFile; fileRef = C7BC12862D5A53480072AE54 /* RootViewController.swift */; };
		C7BC128A2D5A55EC0072AE54 /* Artist+CoreDataClass.swift in Sources */ = {isa = PBXBuildFile; fileRef = C7BC12882D5A55EC0072AE54 /* Artist+CoreDataClass.swift */; };
		C7BC128B2D5A55EC0072AE54 /* Artist+CoreDataProperties.swift in Sources */ = {isa = PBXBuildFile; fileRef = C7BC12892D5A55EC0072AE54 /* Artist+CoreDataProperties.swift */; };
		C7BC128D2D5A58A20072AE54 /* EditViewController.swift in Sources */ = {isa = PBXBuildFile; fileRef = C7BC128C2D5A58A20072AE54 /* EditViewController.swift */; };
		C7EC0F4D2D5953BF00D9AD86 /* AppDelegate.swift in Sources */ = {isa = PBXBuildFile; fileRef = C7EC0F4C2D5953BF00D9AD86 /* AppDelegate.swift */; };
		C7EC0F4F2D5953BF00D9AD86 /* SceneDelegate.swift in Sources */ = {isa = PBXBuildFile; fileRef = C7EC0F4E2D5953BF00D9AD86 /* SceneDelegate.swift */; };
		C7EC0F512D5953BF00D9AD86 /* ViewController.swift in Sources */ = {isa = PBXBuildFile; fileRef = C7EC0F502D5953BF00D9AD86 /* ViewController.swift */; };
		C7EC0F572D5953BF00D9AD86 /* CDProject.xcdatamodeld in Sources */ = {isa = PBXBuildFile; fileRef = C7EC0F552D5953BF00D9AD86 /* CDProject.xcdatamodeld */; };
		C7EC0F592D5953C100D9AD86 /* Assets.xcassets in Resources */ = {isa = PBXBuildFile; fileRef = C7EC0F582D5953C100D9AD86 /* Assets.xcassets */; };
		C7EC0F5C2D5953C100D9AD86 /* Base in Resources */ = {isa = PBXBuildFile; fileRef = C7EC0F5B2D5953C100D9AD86 /* Base */; };
/* End PBXBuildFile section */

/* Begin PBXFileReference section */
		0F3E41E304C79D337CE13F53 /* Pods-CDProject.release.xcconfig */ = {isa = PBXFileReference; includeInIndex = 1; lastKnownFileType = text.xcconfig; name = "Pods-CDProject.release.xcconfig"; path = "Target Support Files/Pods-CDProject/Pods-CDProject.release.xcconfig"; sourceTree = "<group>"; };
		2D40AA15C72E848595DB8CE1 /* Pods-CDProject.debug.xcconfig */ = {isa = PBXFileReference; includeInIndex = 1; lastKnownFileType = text.xcconfig; name = "Pods-CDProject.debug.xcconfig"; path = "Target Support Files/Pods-CDProject/Pods-CDProject.debug.xcconfig"; sourceTree = "<group>"; };
		6B31DFA3BDFD03EBB09C3E89 /* Pods_CDProject.framework */ = {isa = PBXFileReference; explicitFileType = wrapper.framework; includeInIndex = 0; path = Pods_CDProject.framework; sourceTree = BUILT_PRODUCTS_DIR; };
		C7BC12862D5A53480072AE54 /* RootViewController.swift */ = {isa = PBXFileReference; lastKnownFileType = sourcecode.swift; path = RootViewController.swift; sourceTree = "<group>"; };
		C7BC12882D5A55EC0072AE54 /* Artist+CoreDataClass.swift */ = {isa = PBXFileReference; lastKnownFileType = sourcecode.swift; path = "Artist+CoreDataClass.swift"; sourceTree = SOURCE_ROOT; };
		C7BC12892D5A55EC0072AE54 /* Artist+CoreDataProperties.swift */ = {isa = PBXFileReference; lastKnownFileType = sourcecode.swift; path = "Artist+CoreDataProperties.swift"; sourceTree = SOURCE_ROOT; };
		C7BC128C2D5A58A20072AE54 /* EditViewController.swift */ = {isa = PBXFileReference; lastKnownFileType = sourcecode.swift; path = EditViewController.swift; sourceTree = "<group>"; };
		C7EC0F492D5953BF00D9AD86 /* CDProject.app */ = {isa = PBXFileReference; explicitFileType = wrapper.application; includeInIndex = 0; path = CDProject.app; sourceTree = BUILT_PRODUCTS_DIR; };
		C7EC0F4C2D5953BF00D9AD86 /* AppDelegate.swift */ = {isa = PBXFileReference; lastKnownFileType = sourcecode.swift; path = AppDelegate.swift; sourceTree = "<group>"; };
		C7EC0F4E2D5953BF00D9AD86 /* SceneDelegate.swift */ = {isa = PBXFileReference; lastKnownFileType = sourcecode.swift; path = SceneDelegate.swift; sourceTree = "<group>"; };
		C7EC0F502D5953BF00D9AD86 /* ViewController.swift */ = {isa = PBXFileReference; lastKnownFileType = sourcecode.swift; path = ViewController.swift; sourceTree = "<group>"; };
		C7EC0F562D5953BF00D9AD86 /* CDProject.xcdatamodel */ = {isa = PBXFileReference; lastKnownFileType = wrapper.xcdatamodel; path = CDProject.xcdatamodel; sourceTree = "<group>"; };
		C7EC0F582D5953C100D9AD86 /* Assets.xcassets */ = {isa = PBXFileReference; lastKnownFileType = folder.assetcatalog; path = Assets.xcassets; sourceTree = "<group>"; };
		C7EC0F5B2D5953C100D9AD86 /* Base */ = {isa = PBXFileReference; lastKnownFileType = file.storyboard; name = Base; path = Base.lproj/LaunchScreen.storyboard; sourceTree = "<group>"; };
		C7EC0F5D2D5953C100D9AD86 /* Info.plist */ = {isa = PBXFileReference; lastKnownFileType = text.plist.xml; path = Info.plist; sourceTree = "<group>"; };
/* End PBXFileReference section */

/* Begin PBXFrameworksBuildPhase section */
		C7EC0F462D5953BF00D9AD86 /* Frameworks */ = {
			isa = PBXFrameworksBuildPhase;
			buildActionMask = 2147483647;
			files = (
				6951B7B0EAD8B5EC1D97C4FD /* Pods_CDProject.framework in Frameworks */,
			);
			runOnlyForDeploymentPostprocessing = 0;
		};
/* End PBXFrameworksBuildPhase section */

/* Begin PBXGroup section */
		26F90F6098F32D64980494F7 /* Pods */ = {
			isa = PBXGroup;
			children = (
				2D40AA15C72E848595DB8CE1 /* Pods-CDProject.debug.xcconfig */,
				0F3E41E304C79D337CE13F53 /* Pods-CDProject.release.xcconfig */,
			);
			path = Pods;
			sourceTree = "<group>";
		};
		C7BC126B2D5A11C20072AE54 /* Model */ = {
			isa = PBXGroup;
			children = (
				C7BC12882D5A55EC0072AE54 /* Artist+CoreDataClass.swift */,
				C7BC12892D5A55EC0072AE54 /* Artist+CoreDataProperties.swift */,
			);
			path = Model;
			sourceTree = "<group>";
		};
		C7EC0F402D5953BF00D9AD86 = {
			isa = PBXGroup;
			children = (
				C7EC0F4B2D5953BF00D9AD86 /* CDProject */,
				C7EC0F4A2D5953BF00D9AD86 /* Products */,
				26F90F6098F32D64980494F7 /* Pods */,
				D7ECED3E9D924210EA81EA95 /* Frameworks */,
			);
			sourceTree = "<group>";
		};
		C7EC0F4A2D5953BF00D9AD86 /* Products */ = {
			isa = PBXGroup;
			children = (
				C7EC0F492D5953BF00D9AD86 /* CDProject.app */,
			);
			name = Products;
			sourceTree = "<group>";
		};
		C7EC0F4B2D5953BF00D9AD86 /* CDProject */ = {
			isa = PBXGroup;
			children = (
				C7BC126B2D5A11C20072AE54 /* Model */,
				C7EC0F4C2D5953BF00D9AD86 /* AppDelegate.swift */,
				C7EC0F4E2D5953BF00D9AD86 /* SceneDelegate.swift */,
				C7EC0F502D5953BF00D9AD86 /* ViewController.swift */,
				C7EC0F582D5953C100D9AD86 /* Assets.xcassets */,
				C7EC0F5A2D5953C100D9AD86 /* LaunchScreen.storyboard */,
				C7EC0F5D2D5953C100D9AD86 /* Info.plist */,
				C7EC0F552D5953BF00D9AD86 /* CDProject.xcdatamodeld */,
				C7BC12862D5A53480072AE54 /* RootViewController.swift */,
				C7BC128C2D5A58A20072AE54 /* EditViewController.swift */,
			);
			path = CDProject;
			sourceTree = "<group>";
		};
		D7ECED3E9D924210EA81EA95 /* Frameworks */ = {
			isa = PBXGroup;
			children = (
				6B31DFA3BDFD03EBB09C3E89 /* Pods_CDProject.framework */,
			);
			name = Frameworks;
			sourceTree = "<group>";
		};
/* End PBXGroup section */

/* Begin PBXNativeTarget section */
		C7EC0F482D5953BF00D9AD86 /* CDProject */ = {
			isa = PBXNativeTarget;
			buildConfigurationList = C7EC0F602D5953C100D9AD86 /* Build configuration list for PBXNativeTarget "CDProject" */;
			buildPhases = (
				AFC0B14ABFC0DA16E70659CD /* [CP] Check Pods Manifest.lock */,
				C7EC0F452D5953BF00D9AD86 /* Sources */,
				C7EC0F462D5953BF00D9AD86 /* Frameworks */,
				C7EC0F472D5953BF00D9AD86 /* Resources */,
				07C1EC20AC839F9889827C5D /* [CP] Embed Pods Frameworks */,
			);
			buildRules = (
			);
			dependencies = (
			);
			name = CDProject;
			productName = CDProject;
			productReference = C7EC0F492D5953BF00D9AD86 /* CDProject.app */;
			productType = "com.apple.product-type.application";
		};
/* End PBXNativeTarget section */

/* Begin PBXProject section */
		C7EC0F412D5953BF00D9AD86 /* Project object */ = {
			isa = PBXProject;
			attributes = {
				BuildIndependentTargetsInParallel = 1;
				LastSwiftUpdateCheck = 1540;
				LastUpgradeCheck = 1540;
				TargetAttributes = {
					C7EC0F482D5953BF00D9AD86 = {
						CreatedOnToolsVersion = 15.4;
					};
				};
			};
			buildConfigurationList = C7EC0F442D5953BF00D9AD86 /* Build configuration list for PBXProject "CDProject" */;
			compatibilityVersion = "Xcode 14.0";
			developmentRegion = en;
			hasScannedForEncodings = 0;
			knownRegions = (
				en,
				Base,
			);
			mainGroup = C7EC0F402D5953BF00D9AD86;
			productRefGroup = C7EC0F4A2D5953BF00D9AD86 /* Products */;
			projectDirPath = "";
			projectRoot = "";
			targets = (
				C7EC0F482D5953BF00D9AD86 /* CDProject */,
			);
		};
/* End PBXProject section */

/* Begin PBXResourcesBuildPhase section */
		C7EC0F472D5953BF00D9AD86 /* Resources */ = {
			isa = PBXResourcesBuildPhase;
			buildActionMask = 2147483647;
			files = (
				C7EC0F592D5953C100D9AD86 /* Assets.xcassets in Resources */,
				C7EC0F5C2D5953C100D9AD86 /* Base in Resources */,
			);
			runOnlyForDeploymentPostprocessing = 0;
		};
/* End PBXResourcesBuildPhase section */

/* Begin PBXShellScriptBuildPhase section */
		07C1EC20AC839F9889827C5D /* [CP] Embed Pods Frameworks */ = {
			isa = PBXShellScriptBuildPhase;
			buildActionMask = 2147483647;
			files = (
			);
			inputFileListPaths = (
				"${PODS_ROOT}/Target Support Files/Pods-CDProject/Pods-CDProject-frameworks-${CONFIGURATION}-input-files.xcfilelist",
			);
			name = "[CP] Embed Pods Frameworks";
			outputFileListPaths = (
				"${PODS_ROOT}/Target Support Files/Pods-CDProject/Pods-CDProject-frameworks-${CONFIGURATION}-output-files.xcfilelist",
			);
			runOnlyForDeploymentPostprocessing = 0;
			shellPath = /bin/sh;
			shellScript = "\"${PODS_ROOT}/Target Support Files/Pods-CDProject/Pods-CDProject-frameworks.sh\"\n";
			showEnvVarsInLog = 0;
		};
		AFC0B14ABFC0DA16E70659CD /* [CP] Check Pods Manifest.lock */ = {
			isa = PBXShellScriptBuildPhase;
			buildActionMask = 2147483647;
			files = (
			);
			inputFileListPaths = (
			);
			inputPaths = (
				"${PODS_PODFILE_DIR_PATH}/Podfile.lock",
				"${PODS_ROOT}/Manifest.lock",
			);
			name = "[CP] Check Pods Manifest.lock";
			outputFileListPaths = (
			);
			outputPaths = (
				"$(DERIVED_FILE_DIR)/Pods-CDProject-checkManifestLockResult.txt",
			);
			runOnlyForDeploymentPostprocessing = 0;
			shellPath = /bin/sh;
			shellScript = "diff \"${PODS_PODFILE_DIR_PATH}/Podfile.lock\" \"${PODS_ROOT}/Manifest.lock\" > /dev/null\nif [ $? != 0 ] ; then\n    # print error to STDERR\n    echo \"error: The sandbox is not in sync with the Podfile.lock. Run 'pod install' or update your CocoaPods installation.\" >&2\n    exit 1\nfi\n# This output is used by Xcode 'outputs' to avoid re-running this script phase.\necho \"SUCCESS\" > \"${SCRIPT_OUTPUT_FILE_0}\"\n";
			showEnvVarsInLog = 0;
		};
/* End PBXShellScriptBuildPhase section */

/* Begin PBXSourcesBuildPhase section */
		C7EC0F452D5953BF00D9AD86 /* Sources */ = {
			isa = PBXSourcesBuildPhase;
			buildActionMask = 2147483647;
			files = (
				C7BC128D2D5A58A20072AE54 /* EditViewController.swift in Sources */,
				C7EC0F572D5953BF00D9AD86 /* CDProject.xcdatamodeld in Sources */,
				C7EC0F512D5953BF00D9AD86 /* ViewController.swift in Sources */,
				C7BC12872D5A53480072AE54 /* RootViewController.swift in Sources */,
				C7EC0F4D2D5953BF00D9AD86 /* AppDelegate.swift in Sources */,
				C7BC128A2D5A55EC0072AE54 /* Artist+CoreDataClass.swift in Sources */,
				C7BC128B2D5A55EC0072AE54 /* Artist+CoreDataProperties.swift in Sources */,
				C7EC0F4F2D5953BF00D9AD86 /* SceneDelegate.swift in Sources */,
			);
			runOnlyForDeploymentPostprocessing = 0;
		};
/* End PBXSourcesBuildPhase section */

/* Begin PBXVariantGroup section */
		C7EC0F5A2D5953C100D9AD86 /* LaunchScreen.storyboard */ = {
			isa = PBXVariantGroup;
			children = (
				C7EC0F5B2D5953C100D9AD86 /* Base */,
			);
			name = LaunchScreen.storyboard;
			sourceTree = "<group>";
		};
/* End PBXVariantGroup section */

/* Begin XCBuildConfiguration section */
		C7EC0F5E2D5953C100D9AD86 /* Debug */ = {
			isa = XCBuildConfiguration;
			buildSettings = {
				ALWAYS_SEARCH_USER_PATHS = NO;
				ASSETCATALOG_COMPILER_GENERATE_SWIFT_ASSET_SYMBOL_EXTENSIONS = YES;
				CLANG_ANALYZER_NONNULL = YES;
				CLANG_ANALYZER_NUMBER_OBJECT_CONVERSION = YES_AGGRESSIVE;
				CLANG_CXX_LANGUAGE_STANDARD = "gnu++20";
				CLANG_ENABLE_MODULES = YES;
				CLANG_ENABLE_OBJC_ARC = YES;
				CLANG_ENABLE_OBJC_WEAK = YES;
				CLANG_WARN_BLOCK_CAPTURE_AUTORELEASING = YES;
				CLANG_WARN_BOOL_CONVERSION = YES;
				CLANG_WARN_COMMA = YES;
				CLANG_WARN_CONSTANT_CONVERSION = YES;
				CLANG_WARN_DEPRECATED_OBJC_IMPLEMENTATIONS = YES;
				CLANG_WARN_DIRECT_OBJC_ISA_USAGE = YES_ERROR;
				CLANG_WARN_DOCUMENTATION_COMMENTS = YES;
				CLANG_WARN_EMPTY_BODY = YES;
				CLANG_WARN_ENUM_CONVERSION = YES;
				CLANG_WARN_INFINITE_RECURSION = YES;
				CLANG_WARN_INT_CONVERSION = YES;
				CLANG_WARN_NON_LITERAL_NULL_CONVERSION = YES;
				CLANG_WARN_OBJC_IMPLICIT_RETAIN_SELF = YES;
				CLANG_WARN_OBJC_LITERAL_CONVERSION = YES;
				CLANG_WARN_OBJC_ROOT_CLASS = YES_ERROR;
				CLANG_WARN_QUOTED_INCLUDE_IN_FRAMEWORK_HEADER = YES;
				CLANG_WARN_RANGE_LOOP_ANALYSIS = YES;
				CLANG_WARN_STRICT_PROTOTYPES = YES;
				CLANG_WARN_SUSPICIOUS_MOVE = YES;
				CLANG_WARN_UNGUARDED_AVAILABILITY = YES_AGGRESSIVE;
				CLANG_WARN_UNREACHABLE_CODE = YES;
				CLANG_WARN__DUPLICATE_METHOD_MATCH = YES;
				COPY_PHASE_STRIP = NO;
				DEBUG_INFORMATION_FORMAT = dwarf;
				ENABLE_STRICT_OBJC_MSGSEND = YES;
				ENABLE_TESTABILITY = YES;
				ENABLE_USER_SCRIPT_SANDBOXING = YES;
				GCC_C_LANGUAGE_STANDARD = gnu17;
				GCC_DYNAMIC_NO_PIC = NO;
				GCC_NO_COMMON_BLOCKS = YES;
				GCC_OPTIMIZATION_LEVEL = 0;
				GCC_PREPROCESSOR_DEFINITIONS = (
					"DEBUG=1",
					"$(inherited)",
				);
				GCC_WARN_64_TO_32_BIT_CONVERSION = YES;
				GCC_WARN_ABOUT_RETURN_TYPE = YES_ERROR;
				GCC_WARN_UNDECLARED_SELECTOR = YES;
				GCC_WARN_UNINITIALIZED_AUTOS = YES_AGGRESSIVE;
				GCC_WARN_UNUSED_FUNCTION = YES;
				GCC_WARN_UNUSED_VARIABLE = YES;
				IPHONEOS_DEPLOYMENT_TARGET = 17.5;
				LOCALIZATION_PREFERS_STRING_CATALOGS = YES;
				MTL_ENABLE_DEBUG_INFO = INCLUDE_SOURCE;
				MTL_FAST_MATH = YES;
				ONLY_ACTIVE_ARCH = YES;
				SDKROOT = iphoneos;
				SWIFT_ACTIVE_COMPILATION_CONDITIONS = "DEBUG $(inherited)";
				SWIFT_OPTIMIZATION_LEVEL = "-Onone";
			};
			name = Debug;
		};
		C7EC0F5F2D5953C100D9AD86 /* Release */ = {
			isa = XCBuildConfiguration;
			buildSettings = {
				ALWAYS_SEARCH_USER_PATHS = NO;
				ASSETCATALOG_COMPILER_GENERATE_SWIFT_ASSET_SYMBOL_EXTENSIONS = YES;
				CLANG_ANALYZER_NONNULL = YES;
				CLANG_ANALYZER_NUMBER_OBJECT_CONVERSION = YES_AGGRESSIVE;
				CLANG_CXX_LANGUAGE_STANDARD = "gnu++20";
				CLANG_ENABLE_MODULES = YES;
				CLANG_ENABLE_OBJC_ARC = YES;
				CLANG_ENABLE_OBJC_WEAK = YES;
				CLANG_WARN_BLOCK_CAPTURE_AUTORELEASING = YES;
				CLANG_WARN_BOOL_CONVERSION = YES;
				CLANG_WARN_COMMA = YES;
				CLANG_WARN_CONSTANT_CONVERSION = YES;
				CLANG_WARN_DEPRECATED_OBJC_IMPLEMENTATIONS = YES;
				CLANG_WARN_DIRECT_OBJC_ISA_USAGE = YES_ERROR;
				CLANG_WARN_DOCUMENTATION_COMMENTS = YES;
				CLANG_WARN_EMPTY_BODY = YES;
				CLANG_WARN_ENUM_CONVERSION = YES;
				CLANG_WARN_INFINITE_RECURSION = YES;
				CLANG_WARN_INT_CONVERSION = YES;
				CLANG_WARN_NON_LITERAL_NULL_CONVERSION = YES;
				CLANG_WARN_OBJC_IMPLICIT_RETAIN_SELF = YES;
				CLANG_WARN_OBJC_LITERAL_CONVERSION = YES;
				CLANG_WARN_OBJC_ROOT_CLASS = YES_ERROR;
				CLANG_WARN_QUOTED_INCLUDE_IN_FRAMEWORK_HEADER = YES;
				CLANG_WARN_RANGE_LOOP_ANALYSIS = YES;
				CLANG_WARN_STRICT_PROTOTYPES = YES;
				CLANG_WARN_SUSPICIOUS_MOVE = YES;
				CLANG_WARN_UNGUARDED_AVAILABILITY = YES_AGGRESSIVE;
				CLANG_WARN_UNREACHABLE_CODE = YES;
				CLANG_WARN__DUPLICATE_METHOD_MATCH = YES;
				COPY_PHASE_STRIP = NO;
				DEBUG_INFORMATION_FORMAT = "dwarf-with-dsym";
				ENABLE_NS_ASSERTIONS = NO;
				ENABLE_STRICT_OBJC_MSGSEND = YES;
				ENABLE_USER_SCRIPT_SANDBOXING = YES;
				GCC_C_LANGUAGE_STANDARD = gnu17;
				GCC_NO_COMMON_BLOCKS = YES;
				GCC_WARN_64_TO_32_BIT_CONVERSION = YES;
				GCC_WARN_ABOUT_RETURN_TYPE = YES_ERROR;
				GCC_WARN_UNDECLARED_SELECTOR = YES;
				GCC_WARN_UNINITIALIZED_AUTOS = YES_AGGRESSIVE;
				GCC_WARN_UNUSED_FUNCTION = YES;
				GCC_WARN_UNUSED_VARIABLE = YES;
				IPHONEOS_DEPLOYMENT_TARGET = 17.5;
				LOCALIZATION_PREFERS_STRING_CATALOGS = YES;
				MTL_ENABLE_DEBUG_INFO = NO;
				MTL_FAST_MATH = YES;
				SDKROOT = iphoneos;
				SWIFT_COMPILATION_MODE = wholemodule;
				VALIDATE_PRODUCT = YES;
			};
			name = Release;
		};
		C7EC0F612D5953C100D9AD86 /* Debug */ = {
			isa = XCBuildConfiguration;
			baseConfigurationReference = 2D40AA15C72E848595DB8CE1 /* Pods-CDProject.debug.xcconfig */;
			buildSettings = {
				ASSETCATALOG_COMPILER_APPICON_NAME = AppIcon;
				ASSETCATALOG_COMPILER_GLOBAL_ACCENT_COLOR_NAME = AccentColor;
				CODE_SIGN_STYLE = Automatic;
				CURRENT_PROJECT_VERSION = 1;
				ENABLE_USER_SCRIPT_SANDBOXING = NO;
				GENERATE_INFOPLIST_FILE = YES;
				INFOPLIST_FILE = CDProject/Info.plist;
				INFOPLIST_KEY_UIApplicationSupportsIndirectInputEvents = YES;
				INFOPLIST_KEY_UILaunchStoryboardName = LaunchScreen;
				INFOPLIST_KEY_UISupportedInterfaceOrientations_iPad = "UIInterfaceOrientationPortrait UIInterfaceOrientationPortraitUpsideDown UIInterfaceOrientationLandscapeLeft UIInterfaceOrientationLandscapeRight";
				INFOPLIST_KEY_UISupportedInterfaceOrientations_iPhone = "UIInterfaceOrientationPortrait UIInterfaceOrientationLandscapeLeft UIInterfaceOrientationLandscapeRight";
				LD_RUNPATH_SEARCH_PATHS = (
					"$(inherited)",
					"@executable_path/Frameworks",
				);
				MARKETING_VERSION = 1.0;
				PRODUCT_BUNDLE_IDENTIFIER = koda.CDProject;
				PRODUCT_NAME = "$(TARGET_NAME)";
				SWIFT_EMIT_LOC_STRINGS = YES;
				SWIFT_VERSION = 5.0;
				TARGETED_DEVICE_FAMILY = "1,2";
			};
			name = Debug;
		};
		C7EC0F622D5953C100D9AD86 /* Release */ = {
			isa = XCBuildConfiguration;
			baseConfigurationReference = 0F3E41E304C79D337CE13F53 /* Pods-CDProject.release.xcconfig */;
			buildSettings = {
				ASSETCATALOG_COMPILER_APPICON_NAME = AppIcon;
				ASSETCATALOG_COMPILER_GLOBAL_ACCENT_COLOR_NAME = AccentColor;
				CODE_SIGN_STYLE = Automatic;
				CURRENT_PROJECT_VERSION = 1;
				ENABLE_USER_SCRIPT_SANDBOXING = NO;
				GENERATE_INFOPLIST_FILE = YES;
				INFOPLIST_FILE = CDProject/Info.plist;
				INFOPLIST_KEY_UIApplicationSupportsIndirectInputEvents = YES;
				INFOPLIST_KEY_UILaunchStoryboardName = LaunchScreen;
				INFOPLIST_KEY_UISupportedInterfaceOrientations_iPad = "UIInterfaceOrientationPortrait UIInterfaceOrientationPortraitUpsideDown UIInterfaceOrientationLandscapeLeft UIInterfaceOrientationLandscapeRight";
				INFOPLIST_KEY_UISupportedInterfaceOrientations_iPhone = "UIInterfaceOrientationPortrait UIInterfaceOrientationLandscapeLeft UIInterfaceOrientationLandscapeRight";
				LD_RUNPATH_SEARCH_PATHS = (
					"$(inherited)",
					"@executable_path/Frameworks",
				);
				MARKETING_VERSION = 1.0;
				PRODUCT_BUNDLE_IDENTIFIER = koda.CDProject;
				PRODUCT_NAME = "$(TARGET_NAME)";
				SWIFT_EMIT_LOC_STRINGS = YES;
				SWIFT_VERSION = 5.0;
				TARGETED_DEVICE_FAMILY = "1,2";
			};
			name = Release;
		};
/* End XCBuildConfiguration section */

/* Begin XCConfigurationList section */
		C7EC0F442D5953BF00D9AD86 /* Build configuration list for PBXProject "CDProject" */ = {
			isa = XCConfigurationList;
			buildConfigurations = (
				C7EC0F5E2D5953C100D9AD86 /* Debug */,
				C7EC0F5F2D5953C100D9AD86 /* Release */,
			);
			defaultConfigurationIsVisible = 0;
			defaultConfigurationName = Release;
		};
		C7EC0F602D5953C100D9AD86 /* Build configuration list for PBXNativeTarget "CDProject" */ = {
			isa = XCConfigurationList;
			buildConfigurations = (
				C7EC0F612D5953C100D9AD86 /* Debug */,
				C7EC0F622D5953C100D9AD86 /* Release */,
			);
			defaultConfigurationIsVisible = 0;
			defaultConfigurationName = Release;
		};
/* End XCConfigurationList section */

/* Begin XCVersionGroup section */
		C7EC0F552D5953BF00D9AD86 /* CDProject.xcdatamodeld */ = {
			isa = XCVersionGroup;
			children = (
				C7EC0F562D5953BF00D9AD86 /* CDProject.xcdatamodel */,
			);
			currentVersion = C7EC0F562D5953BF00D9AD86 /* CDProject.xcdatamodel */;
			path = CDProject.xcdatamodeld;
			sourceTree = "<group>";
			versionGroupType = wrapper.xcdatamodel;
		};
/* End XCVersionGroup section */
	};
	rootObject = C7EC0F412D5953BF00D9AD86 /* Project object */;
}
